// !$*UTF8*$!
{
	archiveVersion = 1;
	classes = {
	};
	objectVersion = 55;
	objects = {

/* Begin PBXBuildFile section */
		FCA9B6CD28CA014B0003C0FB /* AppDelegate.m in Sources */ = {isa = PBXBuildFile; fileRef = FCA9B6CC28CA014B0003C0FB /* AppDelegate.m */; };
		FCA9B6D028CA014B0003C0FB /* SceneDelegate.m in Sources */ = {isa = PBXBuildFile; fileRef = FCA9B6CF28CA014B0003C0FB /* SceneDelegate.m */; };
		FCA9B6D328CA014B0003C0FB /* ViewController.m in Sources */ = {isa = PBXBuildFile; fileRef = FCA9B6D228CA014B0003C0FB /* ViewController.m */; };
		FCA9B6D628CA014B0003C0FB /* Main.storyboard in Resources */ = {isa = PBXBuildFile; fileRef = FCA9B6D428CA014B0003C0FB /* Main.storyboard */; };
		FCA9B6D828CA014D0003C0FB /* Assets.xcassets in Resources */ = {isa = PBXBuildFile; fileRef = FCA9B6D728CA014D0003C0FB /* Assets.xcassets */; };
		FCA9B6DB28CA014D0003C0FB /* LaunchScreen.storyboard in Resources */ = {isa = PBXBuildFile; fileRef = FCA9B6D928CA014D0003C0FB /* LaunchScreen.storyboard */; };
		FCA9B6DE28CA014D0003C0FB /* main.m in Sources */ = {isa = PBXBuildFile; fileRef = FCA9B6DD28CA014D0003C0FB /* main.m */; };
		FCA9B6E728CA017B0003C0FB /* GDRemoteImageSize.m in Sources */ = {isa = PBXBuildFile; fileRef = FCA9B6E628CA017B0003C0FB /* GDRemoteImageSize.m */; };
		FCA9B6ED28CA02510003C0FB /* GDRemoteImageDownloader.m in Sources */ = {isa = PBXBuildFile; fileRef = FCA9B6EC28CA02510003C0FB /* GDRemoteImageDownloader.m */; };
/* End PBXBuildFile section */

/* Begin PBXFileReference section */
		FCA9B6C828CA014B0003C0FB /* GDRemoteImageSize.app */ = {isa = PBXFileReference; explicitFileType = wrapper.application; includeInIndex = 0; path = GDRemoteImageSize.app; sourceTree = BUILT_PRODUCTS_DIR; };
		FCA9B6CB28CA014B0003C0FB /* AppDelegate.h */ = {isa = PBXFileReference; lastKnownFileType = sourcecode.c.h; path = AppDelegate.h; sourceTree = "<group>"; };
		FCA9B6CC28CA014B0003C0FB /* AppDelegate.m */ = {isa = PBXFileReference; lastKnownFileType = sourcecode.c.objc; path = AppDelegate.m; sourceTree = "<group>"; };
		FCA9B6CE28CA014B0003C0FB /* SceneDelegate.h */ = {isa = PBXFileReference; lastKnownFileType = sourcecode.c.h; path = SceneDelegate.h; sourceTree = "<group>"; };
		FCA9B6CF28CA014B0003C0FB /* SceneDelegate.m */ = {isa = PBXFileReference; lastKnownFileType = sourcecode.c.objc; path = SceneDelegate.m; sourceTree = "<group>"; };
		FCA9B6D128CA014B0003C0FB /* ViewController.h */ = {isa = PBXFileReference; lastKnownFileType = sourcecode.c.h; path = ViewController.h; sourceTree = "<group>"; };
		FCA9B6D228CA014B0003C0FB /* ViewController.m */ = {isa = PBXFileReference; lastKnownFileType = sourcecode.c.objc; path = ViewController.m; sourceTree = "<group>"; };
		FCA9B6D528CA014B0003C0FB /* Base */ = {isa = PBXFileReference; lastKnownFileType = file.storyboard; name = Base; path = Base.lproj/Main.storyboard; sourceTree = "<group>"; };
		FCA9B6D728CA014D0003C0FB /* Assets.xcassets */ = {isa = PBXFileReference; lastKnownFileType = folder.assetcatalog; path = Assets.xcassets; sourceTree = "<group>"; };
		FCA9B6DA28CA014D0003C0FB /* Base */ = {isa = PBXFileReference; lastKnownFileType = file.storyboard; name = Base; path = Base.lproj/LaunchScreen.storyboard; sourceTree = "<group>"; };
		FCA9B6DC28CA014D0003C0FB /* Info.plist */ = {isa = PBXFileReference; lastKnownFileType = text.plist.xml; path = Info.plist; sourceTree = "<group>"; };
		FCA9B6DD28CA014D0003C0FB /* main.m */ = {isa = PBXFileReference; lastKnownFileType = sourcecode.c.objc; path = main.m; sourceTree = "<group>"; };
		FCA9B6E528CA017B0003C0FB /* GDRemoteImageSize.h */ = {isa = PBXFileReference; lastKnownFileType = sourcecode.c.h; path = GDRemoteImageSize.h; sourceTree = "<group>"; };
		FCA9B6E628CA017B0003C0FB /* GDRemoteImageSize.m */ = {isa = PBXFileReference; lastKnownFileType = sourcecode.c.objc; path = GDRemoteImageSize.m; sourceTree = "<group>"; };
		FCA9B6E928CA02050003C0FB /* CoreGraphics.framework */ = {isa = PBXFileReference; lastKnownFileType = wrapper.framework; name = CoreGraphics.framework; path = System/Library/Frameworks/CoreGraphics.framework; sourceTree = SDKROOT; };
		FCA9B6EB28CA02510003C0FB /* GDRemoteImageDownloader.h */ = {isa = PBXFileReference; lastKnownFileType = sourcecode.c.h; path = GDRemoteImageDownloader.h; sourceTree = "<group>"; };
		FCA9B6EC28CA02510003C0FB /* GDRemoteImageDownloader.m */ = {isa = PBXFileReference; lastKnownFileType = sourcecode.c.objc; path = GDRemoteImageDownloader.m; sourceTree = "<group>"; };
/* End PBXFileReference section */

/* Begin PBXFrameworksBuildPhase section */
		FCA9B6C528CA014B0003C0FB /* Frameworks */ = {
			isa = PBXFrameworksBuildPhase;
			buildActionMask = 2147483647;
			files = (
			);
			runOnlyForDeploymentPostprocessing = 0;
		};
/* End PBXFrameworksBuildPhase section */

/* Begin PBXGroup section */
		FCA9B6BF28CA014B0003C0FB = {
			isa = PBXGroup;
			children = (
				FCA9B6CA28CA014B0003C0FB /* GDRemoteImageSize */,
				FCA9B6C928CA014B0003C0FB /* Products */,
				FCA9B6E828CA02050003C0FB /* Frameworks */,
			);
			sourceTree = "<group>";
		};
		FCA9B6C928CA014B0003C0FB /* Products */ = {
			isa = PBXGroup;
			children = (
				FCA9B6C828CA014B0003C0FB /* GDRemoteImageSize.app */,
			);
			name = Products;
			sourceTree = "<group>";
		};
		FCA9B6CA28CA014B0003C0FB /* GDRemoteImageSize */ = {
			isa = PBXGroup;
			children = (
				FCA9B6CB28CA014B0003C0FB /* AppDelegate.h */,
				FCA9B6CC28CA014B0003C0FB /* AppDelegate.m */,
				FCA9B6CE28CA014B0003C0FB /* SceneDelegate.h */,
				FCA9B6CF28CA014B0003C0FB /* SceneDelegate.m */,
				FCA9B6D128CA014B0003C0FB /* ViewController.h */,
				FCA9B6D228CA014B0003C0FB /* ViewController.m */,
				FCA9B6E428CA015A0003C0FB /* GDRemoteImageSize */,
				FCA9B6D428CA014B0003C0FB /* Main.storyboard */,
				FCA9B6D728CA014D0003C0FB /* Assets.xcassets */,
				FCA9B6D928CA014D0003C0FB /* LaunchScreen.storyboard */,
				FCA9B6DC28CA014D0003C0FB /* Info.plist */,
				FCA9B6DD28CA014D0003C0FB /* main.m */,
			);
			path = GDRemoteImageSize;
			sourceTree = "<group>";
		};
		FCA9B6E428CA015A0003C0FB /* GDRemoteImageSize */ = {
			isa = PBXGroup;
			children = (
				FCA9B6E528CA017B0003C0FB /* GDRemoteImageSize.h */,
				FCA9B6E628CA017B0003C0FB /* GDRemoteImageSize.m */,
				FCA9B6EB28CA02510003C0FB /* GDRemoteImageDownloader.h */,
				FCA9B6EC28CA02510003C0FB /* GDRemoteImageDownloader.m */,
			);
			path = GDRemoteImageSize;
			sourceTree = "<group>";
		};
		FCA9B6E828CA02050003C0FB /* Frameworks */ = {
			isa = PBXGroup;
			children = (
				FCA9B6E928CA02050003C0FB /* CoreGraphics.framework */,
			);
			name = Frameworks;
			sourceTree = "<group>";
		};
/* End PBXGroup section */

/* Begin PBXNativeTarget section */
		FCA9B6C728CA014B0003C0FB /* GDRemoteImageSize */ = {
			isa = PBXNativeTarget;
			buildConfigurationList = FCA9B6E128CA014D0003C0FB /* Build configuration list for PBXNativeTarget "GDRemoteImageSize" */;
			buildPhases = (
				FCA9B6C428CA014B0003C0FB /* Sources */,
				FCA9B6C528CA014B0003C0FB /* Frameworks */,
				FCA9B6C628CA014B0003C0FB /* Resources */,
			);
			buildRules = (
			);
			dependencies = (
			);
			name = GDRemoteImageSize;
			productName = GDRemoteImageSize;
			productReference = FCA9B6C828CA014B0003C0FB /* GDRemoteImageSize.app */;
			productType = "com.apple.product-type.application";
		};
/* End PBXNativeTarget section */

/* Begin PBXProject section */
		FCA9B6C028CA014B0003C0FB /* Project object */ = {
			isa = PBXProject;
			attributes = {
				BuildIndependentTargetsInParallel = 1;
				LastUpgradeCheck = 1340;
				TargetAttributes = {
					FCA9B6C728CA014B0003C0FB = {
						CreatedOnToolsVersion = 13.4.1;
					};
				};
			};
			buildConfigurationList = FCA9B6C328CA014B0003C0FB /* Build configuration list for PBXProject "GDRemoteImageSize" */;
			compatibilityVersion = "Xcode 13.0";
			developmentRegion = en;
			hasScannedForEncodings = 0;
			knownRegions = (
				en,
				Base,
			);
			mainGroup = FCA9B6BF28CA014B0003C0FB;
			productRefGroup = FCA9B6C928CA014B0003C0FB /* Products */;
			projectDirPath = "";
			projectRoot = "";
			targets = (
				FCA9B6C728CA014B0003C0FB /* GDRemoteImageSize */,
			);
		};
/* End PBXProject section */

/* Begin PBXResourcesBuildPhase section */
		FCA9B6C628CA014B0003C0FB /* Resources */ = {
			isa = PBXResourcesBuildPhase;
			buildActionMask = 2147483647;
			files = (
				FCA9B6DB28CA014D0003C0FB /* LaunchScreen.storyboard in Resources */,
				FCA9B6D828CA014D0003C0FB /* Assets.xcassets in Resources */,
				FCA9B6D628CA014B0003C0FB /* Main.storyboard in Resources */,
			);
			runOnlyForDeploymentPostprocessing = 0;
		};
/* End PBXResourcesBuildPhase section */

/* Begin PBXSourcesBuildPhase section */
		FCA9B6C428CA014B0003C0FB /* Sources */ = {
			isa = PBXSourcesBuildPhase;
			buildActionMask = 2147483647;
			files = (
				FCA9B6D328CA014B0003C0FB /* ViewController.m in Sources */,
				FCA9B6E728CA017B0003C0FB /* GDRemoteImageSize.m in Sources */,
				FCA9B6CD28CA014B0003C0FB /* AppDelegate.m in Sources */,
				FCA9B6DE28CA014D0003C0FB /* main.m in Sources */,
				FCA9B6D028CA014B0003C0FB /* SceneDelegate.m in Sources */,
				FCA9B6ED28CA02510003C0FB /* GDRemoteImageDownloader.m in Sources */,
			);
			runOnlyForDeploymentPostprocessing = 0;
		};
/* End PBXSourcesBuildPhase section */

/* Begin PBXVariantGroup section */
		FCA9B6D428CA014B0003C0FB /* Main.storyboard */ = {
			isa = PBXVariantGroup;
			children = (
				FCA9B6D528CA014B0003C0FB /* Base */,
			);
			name = Main.storyboard;
			sourceTree = "<group>";
		};
		FCA9B6D928CA014D0003C0FB /* LaunchScreen.storyboard */ = {
			isa = PBXVariantGroup;
			children = (
				FCA9B6DA28CA014D0003C0FB /* Base */,
			);
			name = LaunchScreen.storyboard;
			sourceTree = "<group>";
		};
/* End PBXVariantGroup section */

/* Begin XCBuildConfiguration section */
		FCA9B6DF28CA014D0003C0FB /* Debug */ = {
			isa = XCBuildConfiguration;
			buildSettings = {
				ALWAYS_SEARCH_USER_PATHS = NO;
				CLANG_ANALYZER_NONNULL = YES;
				CLANG_ANALYZER_NUMBER_OBJECT_CONVERSION = YES_AGGRESSIVE;
				CLANG_CXX_LANGUAGE_STANDARD = "gnu++17";
				CLANG_ENABLE_MODULES = YES;
				CLANG_ENABLE_OBJC_ARC = YES;
				CLANG_ENABLE_OBJC_WEAK = YES;
				CLANG_WARN_BLOCK_CAPTURE_AUTORELEASING = YES;
				CLANG_WARN_BOOL_CONVERSION = YES;
				CLANG_WARN_COMMA = YES;
				CLANG_WARN_CONSTANT_CONVERSION = YES;
				CLANG_WARN_DEPRECATED_OBJC_IMPLEMENTATIONS = YES;
				CLANG_WARN_DIRECT_OBJC_ISA_USAGE = YES_ERROR;
				CLANG_WARN_DOCUMENTATION_COMMENTS = YES;
				CLANG_WARN_EMPTY_BODY = YES;
				CLANG_WARN_ENUM_CONVERSION = YES;
				CLANG_WARN_INFINITE_RECURSION = YES;
				CLANG_WARN_INT_CONVERSION = YES;
				CLANG_WARN_NON_LITERAL_NULL_CONVERSION = YES;
				CLANG_WARN_OBJC_IMPLICIT_RETAIN_SELF = YES;
				CLANG_WARN_OBJC_LITERAL_CONVERSION = YES;
				CLANG_WARN_OBJC_ROOT_CLASS = YES_ERROR;
				CLANG_WARN_QUOTED_INCLUDE_IN_FRAMEWORK_HEADER = YES;
				CLANG_WARN_RANGE_LOOP_ANALYSIS = YES;
				CLANG_WARN_STRICT_PROTOTYPES = YES;
				CLANG_WARN_SUSPICIOUS_MOVE = YES;
				CLANG_WARN_UNGUARDED_AVAILABILITY = YES_AGGRESSIVE;
				CLANG_WARN_UNREACHABLE_CODE = YES;
				CLANG_WARN__DUPLICATE_METHOD_MATCH = YES;
				COPY_PHASE_STRIP = NO;
				DEBUG_INFORMATION_FORMAT = dwarf;
				ENABLE_STRICT_OBJC_MSGSEND = YES;
				ENABLE_TESTABILITY = YES;
				GCC_C_LANGUAGE_STANDARD = gnu11;
				GCC_DYNAMIC_NO_PIC = NO;
				GCC_NO_COMMON_BLOCKS = YES;
				GCC_OPTIMIZATION_LEVEL = 0;
				GCC_PREPROCESSOR_DEFINITIONS = (
					"DEBUG=1",
					"$(inherited)",
				);
				GCC_WARN_64_TO_32_BIT_CONVERSION = YES;
				GCC_WARN_ABOUT_RETURN_TYPE = YES_ERROR;
				GCC_WARN_UNDECLARED_SELECTOR = YES;
				GCC_WARN_UNINITIALIZED_AUTOS = YES_AGGRESSIVE;
				GCC_WARN_UNUSED_FUNCTION = YES;
				GCC_WARN_UNUSED_VARIABLE = YES;
				IPHONEOS_DEPLOYMENT_TARGET = 15.5;
				MTL_ENABLE_DEBUG_INFO = INCLUDE_SOURCE;
				MTL_FAST_MATH = YES;
				ONLY_ACTIVE_ARCH = YES;
				SDKROOT = iphoneos;
			};
			name = Debug;
		};
		FCA9B6E028CA014D0003C0FB /* Release */ = {
			isa = XCBuildConfiguration;
			buildSettings = {
				ALWAYS_SEARCH_USER_PATHS = NO;
				CLANG_ANALYZER_NONNULL = YES;
				CLANG_ANALYZER_NUMBER_OBJECT_CONVERSION = YES_AGGRESSIVE;
				CLANG_CXX_LANGUAGE_STANDARD = "gnu++17";
				CLANG_ENABLE_MODULES = YES;
				CLANG_ENABLE_OBJC_ARC = YES;
				CLANG_ENABLE_OBJC_WEAK = YES;
				CLANG_WARN_BLOCK_CAPTURE_AUTORELEASING = YES;
				CLANG_WARN_BOOL_CONVERSION = YES;
				CLANG_WARN_COMMA = YES;
				CLANG_WARN_CONSTANT_CONVERSION = YES;
				CLANG_WARN_DEPRECATED_OBJC_IMPLEMENTATIONS = YES;
				CLANG_WARN_DIRECT_OBJC_ISA_USAGE = YES_ERROR;
				CLANG_WARN_DOCUMENTATION_COMMENTS = YES;
				CLANG_WARN_EMPTY_BODY = YES;
				CLANG_WARN_ENUM_CONVERSION = YES;
				CLANG_WARN_INFINITE_RECURSION = YES;
				CLANG_WARN_INT_CONVERSION = YES;
				CLANG_WARN_NON_LITERAL_NULL_CONVERSION = YES;
				CLANG_WARN_OBJC_IMPLICIT_RETAIN_SELF = YES;
				CLANG_WARN_OBJC_LITERAL_CONVERSION = YES;
				CLANG_WARN_OBJC_ROOT_CLASS = YES_ERROR;
				CLANG_WARN_QUOTED_INCLUDE_IN_FRAMEWORK_HEADER = YES;
				CLANG_WARN_RANGE_LOOP_ANALYSIS = YES;
				CLANG_WARN_STRICT_PROTOTYPES = YES;
				CLANG_WARN_SUSPICIOUS_MOVE = YES;
				CLANG_WARN_UNGUARDED_AVAILABILITY = YES_AGGRESSIVE;
				CLANG_WARN_UNREACHABLE_CODE = YES;
				CLANG_WARN__DUPLICATE_METHOD_MATCH = YES;
				COPY_PHASE_STRIP = NO;
				DEBUG_INFORMATION_FORMAT = "dwarf-with-dsym";
				ENABLE_NS_ASSERTIONS = NO;
				ENABLE_STRICT_OBJC_MSGSEND = YES;
				GCC_C_LANGUAGE_STANDARD = gnu11;
				GCC_NO_COMMON_BLOCKS = YES;
				GCC_WARN_64_TO_32_BIT_CONVERSION = YES;
				GCC_WARN_ABOUT_RETURN_TYPE = YES_ERROR;
				GCC_WARN_UNDECLARED_SELECTOR = YES;
				GCC_WARN_UNINITIALIZED_AUTOS = YES_AGGRESSIVE;
				GCC_WARN_UNUSED_FUNCTION = YES;
				GCC_WARN_UNUSED_VARIABLE = YES;
				IPHONEOS_DEPLOYMENT_TARGET = 15.5;
				MTL_ENABLE_DEBUG_INFO = NO;
				MTL_FAST_MATH = YES;
				SDKROOT = iphoneos;
				VALIDATE_PRODUCT = YES;
			};
			name = Release;
		};
		FCA9B6E228CA014D0003C0FB /* Debug */ = {
			isa = XCBuildConfiguration;
			buildSettings = {
				ASSETCATALOG_COMPILER_APPICON_NAME = AppIcon;
				ASSETCATALOG_COMPILER_GLOBAL_ACCENT_COLOR_NAME = AccentColor;
				CODE_SIGN_STYLE = Automatic;
				CURRENT_PROJECT_VERSION = 1;
				DEVELOPMENT_TEAM = YH6XM8252K;
				GENERATE_INFOPLIST_FILE = YES;
				INFOPLIST_FILE = GDRemoteImageSize/Info.plist;
				INFOPLIST_KEY_UIApplicationSupportsIndirectInputEvents = YES;
				INFOPLIST_KEY_UILaunchStoryboardName = LaunchScreen;
				INFOPLIST_KEY_UIMainStoryboardFile = Main;
				INFOPLIST_KEY_UISupportedInterfaceOrientations_iPad = "UIInterfaceOrientationPortrait UIInterfaceOrientationPortraitUpsideDown UIInterfaceOrientationLandscapeLeft UIInterfaceOrientationLandscapeRight";
				INFOPLIST_KEY_UISupportedInterfaceOrientations_iPhone = "UIInterfaceOrientationPortrait UIInterfaceOrientationLandscapeLeft UIInterfaceOrientationLandscapeRight";
				IPHONEOS_DEPLOYMENT_TARGET = 10.0;
				LD_RUNPATH_SEARCH_PATHS = (
					"$(inherited)",
					"@executable_path/Frameworks",
				);
				MARKETING_VERSION = 1.0;
				PRODUCT_BUNDLE_IDENTIFIER = zmz.GDRemoteImageSize;
				PRODUCT_NAME = "$(TARGET_NAME)";
				SWIFT_EMIT_LOC_STRINGS = YES;
				TARGETED_DEVICE_FAMILY = 1;
			};
			name = Debug;
		};
		FCA9B6E328CA014D0003C0FB /* Release */ = {
			isa = XCBuildConfiguration;
			buildSettings = {
				ASSETCATALOG_COMPILER_APPICON_NAME = AppIcon;
				ASSETCATALOG_COMPILER_GLOBAL_ACCENT_COLOR_NAME = AccentColor;
				CODE_SIGN_STYLE = Automatic;
				CURRENT_PROJECT_VERSION = 1;
				DEVELOPMENT_TEAM = YH6XM8252K;
				GENERATE_INFOPLIST_FILE = YES;
				INFOPLIST_FILE = GDRemoteImageSize/Info.plist;
				INFOPLIST_KEY_UIApplicationSupportsIndirectInputEvents = YES;
				INFOPLIST_KEY_UILaunchStoryboardName = LaunchScreen;
				INFOPLIST_KEY_UIMainStoryboardFile = Main;
				INFOPLIST_KEY_UISupportedInterfaceOrientations_iPad = "UIInterfaceOrientationPortrait UIInterfaceOrientationPortraitUpsideDown UIInterfaceOrientationLandscapeLeft UIInterfaceOrientationLandscapeRight";
				INFOPLIST_KEY_UISupportedInterfaceOrientations_iPhone = "UIInterfaceOrientationPortrait UIInterfaceOrientationLandscapeLeft UIInterfaceOrientationLandscapeRight";
				IPHONEOS_DEPLOYMENT_TARGET = 10.0;
				LD_RUNPATH_SEARCH_PATHS = (
					"$(inherited)",
					"@executable_path/Frameworks",
				);
				MARKETING_VERSION = 1.0;
				PRODUCT_BUNDLE_IDENTIFIER = zmz.GDRemoteImageSize;
				PRODUCT_NAME = "$(TARGET_NAME)";
				SWIFT_EMIT_LOC_STRINGS = YES;
				TARGETED_DEVICE_FAMILY = 1;
			};
			name = Release;
		};
/* End XCBuildConfiguration section */

/* Begin XCConfigurationList section */
		FCA9B6C328CA014B0003C0FB /* Build configuration list for PBXProject "GDRemoteImageSize" */ = {
			isa = XCConfigurationList;
			buildConfigurations = (
				FCA9B6DF28CA014D0003C0FB /* Debug */,
				FCA9B6E028CA014D0003C0FB /* Release */,
			);
			defaultConfigurationIsVisible = 0;
			defaultConfigurationName = Release;
		};
		FCA9B6E128CA014D0003C0FB /* Build configuration list for PBXNativeTarget "GDRemoteImageSize" */ = {
			isa = XCConfigurationList;
			buildConfigurations = (
				FCA9B6E228CA014D0003C0FB /* Debug */,
				FCA9B6E328CA014D0003C0FB /* Release */,
			);
			defaultConfigurationIsVisible = 0;
			defaultConfigurationName = Release;
		};
/* End XCConfigurationList section */
	};
	rootObject = FCA9B6C028CA014B0003C0FB /* Project object */;
}
